
Microsoft Visual Studio Solution File, Format Version 12.00
# Visual Studio Version 17
VisualStudioVersion = 17.6.33815.320
MinimumVisualStudioVersion = 10.0.40219.1
Project("{2150E333-8FDC-42A3-9474-1A3956D46DE8}") = "Core", "Core", "{19AAB269-7681-4D8A-BCDD-39DB7425A16D}"
EndProject
Project("{2150E333-8FDC-42A3-9474-1A3956D46DE8}") = "Infrastructure", "Infrastructure", "{0B3A2D91-BD40-43EE-B7F5-FA3DF1A2F98A}"
EndProject
Project("{2150E333-8FDC-42A3-9474-1A3956D46DE8}") = "Presentation", "Presentation", "{4F1101B5-9003-47DF-873E-E761A96C097E}"
EndProject
Project("{9A19103F-16F7-4668-BE54-9A1E7A4F7556}") = "DCI.Web", "DCI.Web\DCI.Web.csproj", "{B2355729-05DB-4890-8829-52CB5F6BC3AC}"
EndProject
Project("{9A19103F-16F7-4668-BE54-9A1E7A4F7556}") = "DCI.Domain", "DCI.Domain\DCI.Domain.csproj", "{B7270310-D641-4F2F-8928-644DA21E98D9}"
EndProject
Project("{9A19103F-16F7-4668-BE54-9A1E7A4F7556}") = "DCI.Contracts", "DCI.Contracts\DCI.Contracts.csproj", "{B7BBDC0E-F047-4D31-8E8E-1A81B73297EF}"
EndProject
Project("{9A19103F-16F7-4668-BE54-9A1E7A4F7556}") = "DCI.Services", "DCI.Services\DCI.Services.csproj", "{3563CC07-94FF-4890-BC42-0E87B53A6592}"
EndProject
Project("{9A19103F-16F7-4668-BE54-9A1E7A4F7556}") = "DCI.Services.Abstractions", "DCI.Services.Abstractions\DCI.Services.Abstractions.csproj", "{C9D421F1-086C-4CA7-B7A9-05D33ECCB71F}"
EndProject
Project("{9A19103F-16F7-4668-BE54-9A1E7A4F7556}") = "DCI.Persistence", "DCI.Persistence\DCI.Persistence.csproj", "{5184E65A-2DF3-4466-AC44-79E1B241DD89}"
EndProject
Project("{2150E333-8FDC-42A3-9474-1A3956D46DE8}") = "Utility", "Utility", "{446227CA-05EE-493D-BB8C-A35DBECC2801}"
EndProject
Project("{9A19103F-16F7-4668-BE54-9A1E7A4F7556}") = "DCI.Utility", "DCI.Utility\DCI.Utility.csproj", "{760B4ABB-9A24-4F91-A6B1-32C9E1822FA6}"
EndProject
Project("{9A19103F-16F7-4668-BE54-9A1E7A4F7556}") = "GenerateApiStructure", "GenerateApiStructure\GenerateApiStructure.csproj", "{6D86331F-D993-4BCB-8556-63698C77616D}"
EndProject
Global
	GlobalSection(SolutionConfigurationPlatforms) = preSolution
		Debug|Any CPU = Debug|Any CPU
		Release|Any CPU = Release|Any CPU
	EndGlobalSection
	GlobalSection(ProjectConfigurationPlatforms) = postSolution
		{B2355729-05DB-4890-8829-52CB5F6BC3AC}.Debug|Any CPU.ActiveCfg = Debug|Any CPU
		{B2355729-05DB-4890-8829-52CB5F6BC3AC}.Debug|Any CPU.Build.0 = Debug|Any CPU
		{B2355729-05DB-4890-8829-52CB5F6BC3AC}.Release|Any CPU.ActiveCfg = Release|Any CPU
		{B2355729-05DB-4890-8829-52CB5F6BC3AC}.Release|Any CPU.Build.0 = Release|Any CPU
		{B7270310-D641-4F2F-8928-644DA21E98D9}.Debug|Any CPU.ActiveCfg = Debug|Any CPU
		{B7270310-D641-4F2F-8928-644DA21E98D9}.Debug|Any CPU.Build.0 = Debug|Any CPU
		{B7270310-D641-4F2F-8928-644DA21E98D9}.Release|Any CPU.ActiveCfg = Release|Any CPU
		{B7270310-D641-4F2F-8928-644DA21E98D9}.Release|Any CPU.Build.0 = Release|Any CPU
		{B7BBDC0E-F047-4D31-8E8E-1A81B73297EF}.Debug|Any CPU.ActiveCfg = Debug|Any CPU
		{B7BBDC0E-F047-4D31-8E8E-1A81B73297EF}.Debug|Any CPU.Build.0 = Debug|Any CPU
		{B7BBDC0E-F047-4D31-8E8E-1A81B73297EF}.Release|Any CPU.ActiveCfg = Release|Any CPU
		{B7BBDC0E-F047-4D31-8E8E-1A81B73297EF}.Release|Any CPU.Build.0 = Release|Any CPU
		{3563CC07-94FF-4890-BC42-0E87B53A6592}.Debug|Any CPU.ActiveCfg = Debug|Any CPU
		{3563CC07-94FF-4890-BC42-0E87B53A6592}.Debug|Any CPU.Build.0 = Debug|Any CPU
		{3563CC07-94FF-4890-BC42-0E87B53A6592}.Release|Any CPU.ActiveCfg = Release|Any CPU
		{3563CC07-94FF-4890-BC42-0E87B53A6592}.Release|Any CPU.Build.0 = Release|Any CPU
		{C9D421F1-086C-4CA7-B7A9-05D33ECCB71F}.Debug|Any CPU.ActiveCfg = Debug|Any CPU
		{C9D421F1-086C-4CA7-B7A9-05D33ECCB71F}.Debug|Any CPU.Build.0 = Debug|Any CPU
		{C9D421F1-086C-4CA7-B7A9-05D33ECCB71F}.Release|Any CPU.ActiveCfg = Release|Any CPU
		{C9D421F1-086C-4CA7-B7A9-05D33ECCB71F}.Release|Any CPU.Build.0 = Release|Any CPU
		{5184E65A-2DF3-4466-AC44-79E1B241DD89}.Debug|Any CPU.ActiveCfg = Debug|Any CPU
		{5184E65A-2DF3-4466-AC44-79E1B241DD89}.Debug|Any CPU.Build.0 = Debug|Any CPU
		{5184E65A-2DF3-4466-AC44-79E1B241DD89}.Release|Any CPU.ActiveCfg = Release|Any CPU
		{5184E65A-2DF3-4466-AC44-79E1B241DD89}.Release|Any CPU.Build.0 = Release|Any CPU
		{760B4ABB-9A24-4F91-A6B1-32C9E1822FA6}.Debug|Any CPU.ActiveCfg = Debug|Any CPU
		{760B4ABB-9A24-4F91-A6B1-32C9E1822FA6}.Debug|Any CPU.Build.0 = Debug|Any CPU
		{760B4ABB-9A24-4F91-A6B1-32C9E1822FA6}.Release|Any CPU.ActiveCfg = Release|Any CPU
		{760B4ABB-9A24-4F91-A6B1-32C9E1822FA6}.Release|Any CPU.Build.0 = Release|Any CPU
		{6D86331F-D993-4BCB-8556-63698C77616D}.Debug|Any CPU.ActiveCfg = Debug|Any CPU
		{6D86331F-D993-4BCB-8556-63698C77616D}.Debug|Any CPU.Build.0 = Debug|Any CPU
		{6D86331F-D993-4BCB-8556-63698C77616D}.Release|Any CPU.ActiveCfg = Release|Any CPU
		{6D86331F-D993-4BCB-8556-63698C77616D}.Release|Any CPU.Build.0 = Release|Any CPU
	EndGlobalSection
	GlobalSection(SolutionProperties) = preSolution
		HideSolutionNode = FALSE
	EndGlobalSection
	GlobalSection(NestedProjects) = preSolution
		{B2355729-05DB-4890-8829-52CB5F6BC3AC} = {4F1101B5-9003-47DF-873E-E761A96C097E}
		{B7270310-D641-4F2F-8928-644DA21E98D9} = {19AAB269-7681-4D8A-BCDD-39DB7425A16D}
		{B7BBDC0E-F047-4D31-8E8E-1A81B73297EF} = {19AAB269-7681-4D8A-BCDD-39DB7425A16D}
		{3563CC07-94FF-4890-BC42-0E87B53A6592} = {19AAB269-7681-4D8A-BCDD-39DB7425A16D}
		{C9D421F1-086C-4CA7-B7A9-05D33ECCB71F} = {19AAB269-7681-4D8A-BCDD-39DB7425A16D}
		{5184E65A-2DF3-4466-AC44-79E1B241DD89} = {0B3A2D91-BD40-43EE-B7F5-FA3DF1A2F98A}
		{760B4ABB-9A24-4F91-A6B1-32C9E1822FA6} = {446227CA-05EE-493D-BB8C-A35DBECC2801}
		{6D86331F-D993-4BCB-8556-63698C77616D} = {446227CA-05EE-493D-BB8C-A35DBECC2801}
	EndGlobalSection
	GlobalSection(ExtensibilityGlobals) = postSolution
		SolutionGuid = {BF4535F8-2AE6-401E-854A-4564FDF4671C}
	EndGlobalSection
EndGlobal
